
Microsoft Visual Studio Solution File, Format Version 12.00
# Visual Studio Version 17
VisualStudioVersion = 17.0.31903.59
MinimumVisualStudioVersion = 10.0.40219.1
Project("{2150E333-8FDC-42A3-9474-1A3956D46DE8}") = "src", "src", "{34CABFA9-A85C-4680-90B0-923895ECC8F3}"
EndProject
Project("{FAE04EC0-301F-11D3-BF4B-00C04F79EFBC}") = "DbManager.UI", "src\DbManager.UI\DbManager.UI.csproj", "{7BF16369-A791-46A4-9DDE-D277421F147A}"
EndProject
Project("{FAE04EC0-301F-11D3-BF4B-00C04F79EFBC}") = "DbManager.Core", "src\DbManager.Core\DbManager.Core.csproj", "{7622C983-7306-4E80-9447-F90723BFD0E0}"
EndProject
Global
	GlobalSection(SolutionConfigurationPlatforms) = preSolution
		Debug|Any CPU = Debug|Any CPU
		Release|Any CPU = Release|Any CPU
	EndGlobalSection
	GlobalSection(SolutionProperties) = preSolution
		HideSolutionNode = FALSE
	EndGlobalSection
	GlobalSection(ProjectConfigurationPlatforms) = postSolution
		{7BF16369-A791-46A4-9DDE-D277421F147A}.Debug|Any CPU.ActiveCfg = Debug|Any CPU
		{7BF16369-A791-46A4-9DDE-D277421F147A}.Debug|Any CPU.Build.0 = Debug|Any CPU
		{7BF16369-A791-46A4-9DDE-D277421F147A}.Release|Any CPU.ActiveCfg = Release|Any CPU
		{7BF16369-A791-46A4-9DDE-D277421F147A}.Release|Any CPU.Build.0 = Release|Any CPU
		{7622C983-7306-4E80-9447-F90723BFD0E0}.Debug|Any CPU.ActiveCfg = Debug|Any CPU
		{7622C983-7306-4E80-9447-F90723BFD0E0}.Debug|Any CPU.Build.0 = Debug|Any CPU
		{7622C983-7306-4E80-9447-F90723BFD0E0}.Release|Any CPU.ActiveCfg = Release|Any CPU
		{7622C983-7306-4E80-9447-F90723BFD0E0}.Release|Any CPU.Build.0 = Release|Any CPU
	EndGlobalSection
	GlobalSection(NestedProjects) = preSolution
		{7BF16369-A791-46A4-9DDE-D277421F147A} = {34CABFA9-A85C-4680-90B0-923895ECC8F3}
		{7622C983-7306-4E80-9447-F90723BFD0E0} = {34CABFA9-A85C-4680-90B0-923895ECC8F3}
	EndGlobalSection
EndGlobal
